{
    "name": "al-var-helper",
    "version": "2.3.1",
    "lockfileVersion": 1,
    "requires": true,
    "dependencies": {
        "@tootallnate/once": {
            "version": "1.1.2",
            "resolved": "https://registry.npmjs.org/@tootallnate/once/-/once-1.1.2.tgz",
            "integrity": "sha512-RbzJvlNzmRq5c3O09UipeuXno4tA1FE6ikOjxZK0tuxVv3412l64l5t1W5pj4+rJq9vpkm/kwiR07aZXnsKPxw=="
        },
        "@types/mocha": {
            "version": "2.2.48",
            "resolved": "https://registry.npmjs.org/@types/mocha/-/mocha-2.2.48.tgz",
            "integrity": "sha512-nlK/iyETgafGli8Zh9zJVCTicvU3iajSkRwOh3Hhiva598CMqNJ4NcVCGMTGKpGpTYj/9R8RLzS9NAykSSCqGw==",
            "dev": true
        },
        "@types/node": {
            "version": "6.14.4",
            "resolved": "https://registry.npmjs.org/@types/node/-/node-6.14.4.tgz",
            "integrity": "sha512-UqB7h2dVJr/KdZXRMJIhNUWT0HXVe9UNvfLCOsqiSGKAVaAp0QniYHlU9yegxyG6Ug2rc7VdAD4hYj3VghqvAw==",
            "dev": true
        },
        "@vitalets/google-translate-api": {
            "version": "2.8.0",
            "resolved": "https://registry.npmjs.org/@vitalets/google-translate-api/-/google-translate-api-2.8.0.tgz",
            "integrity": "sha512-xFdk+X5OzXLliMa4fXM4+wOsSdjnGSRjoSSHzwILBpsEdItmPJN4Fyh15n7tgsPWauNQcvYwD0LFvavtH3PSfA==",
            "requires": {
                "@vitalets/google-translate-token": "^1.1.0",
                "configstore": "^2.0.0",
                "got": "^6.3.0"
            }
        },
        "@vitalets/google-translate-token": {
            "version": "1.1.0",
            "resolved": "https://registry.npmjs.org/@vitalets/google-translate-token/-/google-translate-token-1.1.0.tgz",
            "integrity": "sha512-XeVCydecA7dQ46/1Q+RHcJXvUCRnWBnPys7wpSDFlpfBazcoQ9zwdbT8FU/UMF1ZLY89fueqc2W9U0zmmFfaIQ==",
            "requires": {
                "configstore": "^2.0.0",
                "got": "^6.3.0"
            }
        },
        "agent-base": {
            "version": "6.0.2",
            "resolved": "https://registry.npmjs.org/agent-base/-/agent-base-6.0.2.tgz",
            "integrity": "sha512-RZNwNclF7+MS/8bDg70amg32dyeZGZxiDuQmZxKLAlQjr3jGyLx+4Kkk58UO7D2QdgFIQCovuSuZESne6RG6XQ==",
            "requires": {
                "debug": "4"
            }
        },
        "balanced-match": {
            "version": "1.0.2",
            "resolved": "https://registry.npmjs.org/balanced-match/-/balanced-match-1.0.2.tgz",
            "integrity": "sha512-3oSeUO0TMV67hN1AmbXsK4yaqU7tjiHlbxRDZOpH0KW9+CeX4bRAaX0Anxt0tx2MrpRpWwQaPwIlISEJhYU5Pw=="
        },
        "bluebird": {
            "version": "3.5.4",
            "resolved": "https://registry.npmjs.org/bluebird/-/bluebird-3.5.4.tgz",
            "integrity": "sha512-FG+nFEZChJrbQ9tIccIfZJBz3J7mLrAhxakAbnrJWn8d7aKOC+LWifa0G+p4ZqKp4y13T7juYvdhq9NzKdsrjw=="
        },
        "brace-expansion": {
            "version": "1.1.11",
            "resolved": "https://registry.npmjs.org/brace-expansion/-/brace-expansion-1.1.11.tgz",
            "integrity": "sha512-iCuPHDFgrHX7H2vEI/5xpz07zSHB00TpugqhmYtVmMO6518mCuRMoOYFldEBl0g187ufozdaHgWKcYFb61qGiA==",
            "requires": {
                "balanced-match": "^1.0.0",
                "concat-map": "0.0.1"
            }
        },
        "browser-stdout": {
            "version": "1.3.1",
            "resolved": "https://registry.npmjs.org/browser-stdout/-/browser-stdout-1.3.1.tgz",
            "integrity": "sha512-qhAVI1+Av2X7qelOfAIYwXONood6XlZE/fXaBSmW/T5SzLAmCgzi+eiWE7fUvbHaeNBQH13UftjpXxsfLkMpgw=="
        },
        "buffer-from": {
            "version": "1.1.2",
            "resolved": "https://registry.npmjs.org/buffer-from/-/buffer-from-1.1.2.tgz",
            "integrity": "sha512-E+XQCRwSbaaiChtv6k6Dwgc+bx+Bs6vuKJHHl5kox/BaKbhiXzqQOwK4cO22yElGp2OCmjwVhT3HmxgyPGnJfQ=="
        },
        "capture-stack-trace": {
            "version": "1.0.1",
            "resolved": "https://registry.npmjs.org/capture-stack-trace/-/capture-stack-trace-1.0.1.tgz",
            "integrity": "sha512-mYQLZnx5Qt1JgB1WEiMCf2647plpGeQ2NMR/5L0HNZzGQo4fuSPnK+wjfPnKZV0aiJDgzmWqqkV/g7JD+DW0qw=="
        },
        "commander": {
            "version": "2.15.1",
            "resolved": "https://registry.npmjs.org/commander/-/commander-2.15.1.tgz",
            "integrity": "sha512-VlfT9F3V0v+jr4yxPc5gg9s62/fIVWsd2Bk2iD435um1NlGMYdVCq+MjcXnhYq2icNOizHr1kK+5TI6H0Hy0ag=="
        },
        "concat-map": {
            "version": "0.0.1",
            "resolved": "https://registry.npmjs.org/concat-map/-/concat-map-0.0.1.tgz",
            "integrity": "sha512-/Srv4dswyQNBfohGpz9o6Yb3Gz3SrUDqBH5rTuhGR7ahtlbYKnVxw2bCFMRljaA7EXHaXZ8wsHdodFvbkhKmqg=="
        },
        "configstore": {
            "version": "2.1.0",
            "resolved": "https://registry.npmjs.org/configstore/-/configstore-2.1.0.tgz",
            "integrity": "sha1-c3o6cDbpiGECqmCZ5HuzOrGroaE=",
            "requires": {
                "dot-prop": "^3.0.0",
                "graceful-fs": "^4.1.2",
                "mkdirp": "^0.5.0",
                "object-assign": "^4.0.1",
                "os-tmpdir": "^1.0.0",
                "osenv": "^0.1.0",
                "uuid": "^2.0.1",
                "write-file-atomic": "^1.1.2",
                "xdg-basedir": "^2.0.0"
            },
            "dependencies": {
                "uuid": {
                    "version": "2.0.3",
                    "resolved": "https://registry.npmjs.org/uuid/-/uuid-2.0.3.tgz",
                    "integrity": "sha1-Z+LoY3lyFVMN/zGOW/nc6/1Hsho="
                }
            }
        },
        "create-error-class": {
            "version": "3.0.2",
            "resolved": "https://registry.npmjs.org/create-error-class/-/create-error-class-3.0.2.tgz",
            "integrity": "sha1-Br56vvlHo/FKMP1hBnHUAbyot7Y=",
            "requires": {
                "capture-stack-trace": "^1.0.0"
            }
        },
        "debug": {
            "version": "4.3.7",
            "resolved": "https://registry.npmjs.org/debug/-/debug-4.3.7.tgz",
            "integrity": "sha512-Er2nc/H7RrMXZBFCEim6TCmMk02Z8vLC2Rbi1KEBggpo0fS6l0S1nnapwmIi3yW/+GOJap1Krg4w0Hg80oCqgQ==",
            "requires": {
                "ms": "^2.1.3"
            }
        },
        "diff": {
            "version": "3.5.0",
            "resolved": "https://registry.npmjs.org/diff/-/diff-3.5.0.tgz",
            "integrity": "sha512-A46qtFgd+g7pDZinpnwiRJtxbC1hpgf0uzP3iG89scHk0AUC7A1TGxf5OiiOUv/JMZR8GOt8hL900hV0bOy5xA=="
        },
        "dot-prop": {
            "version": "3.0.0",
            "resolved": "https://registry.npmjs.org/dot-prop/-/dot-prop-3.0.0.tgz",
            "integrity": "sha1-G3CK8JSknJoOfbyteQq6U52sEXc=",
            "requires": {
                "is-obj": "^1.0.0"
            }
        },
        "duplexer3": {
            "version": "0.1.4",
            "resolved": "https://registry.npmjs.org/duplexer3/-/duplexer3-0.1.4.tgz",
            "integrity": "sha1-7gHdHKwO08vH/b6jfcCo8c4ALOI="
        },
        "es6-promise": {
            "version": "4.2.8",
            "resolved": "https://registry.npmjs.org/es6-promise/-/es6-promise-4.2.8.tgz",
            "integrity": "sha512-HJDGx5daxeIvxdBxvG2cb9g4tEvwIk3i8+nhX0yGrYmZUzbkdg8QbDevheDB8gd0//uPj4c1EQua8Q+MViT0/w=="
        },
        "es6-promisify": {
            "version": "5.0.0",
            "resolved": "https://registry.npmjs.org/es6-promisify/-/es6-promisify-5.0.0.tgz",
            "integrity": "sha512-C+d6UdsYDk0lMebHNR4S2NybQMMngAOnOwYBQjTOiv0MkoJMP0Myw2mgpDLBcpfCmRLxyFqYhS/CfOENq4SJhQ==",
            "requires": {
                "es6-promise": "^4.0.3"
            }
        },
        "escape-string-regexp": {
            "version": "1.0.5",
            "resolved": "https://registry.npmjs.org/escape-string-regexp/-/escape-string-regexp-1.0.5.tgz",
            "integrity": "sha512-vbRorB5FUQWvla16U8R/qgaFIya2qGzwDrNmCZuYKrbdSUMG6I1ZCGQRefkRVhuOkIGVne7BQ35DSfo1qvJqFg=="
        },
        "fs.realpath": {
            "version": "1.0.0",
            "resolved": "https://registry.npmjs.org/fs.realpath/-/fs.realpath-1.0.0.tgz",
            "integrity": "sha512-OO0pH2lK6a0hZnAdau5ItzHPI6pUlvI7jMVnxUQRtw4owF2wk8lOSabtGDCTP4Ggrg2MbGnWO9X8K1t4+fGMDw=="
        },
        "get-stream": {
            "version": "3.0.0",
            "resolved": "https://registry.npmjs.org/get-stream/-/get-stream-3.0.0.tgz",
            "integrity": "sha1-jpQ9E1jcN1VQVOy+LtsFqhdO3hQ="
        },
        "glob": {
            "version": "7.2.3",
            "resolved": "https://registry.npmjs.org/glob/-/glob-7.2.3.tgz",
            "integrity": "sha512-nFR0zLpU2YCaRxwoCJvL6UvCH2JFyFVIvwTLsIf21AuHlMskA1hhTdk+LlYJtOlYt9v6dvszD2BGRqBL+iQK9Q==",
            "requires": {
                "fs.realpath": "^1.0.0",
                "inflight": "^1.0.4",
                "inherits": "2",
                "minimatch": "^3.1.1",
                "once": "^1.3.0",
                "path-is-absolute": "^1.0.0"
            }
        },
        "google-translate-api": {
            "version": "2.3.0",
            "resolved": "https://registry.npmjs.org/google-translate-api/-/google-translate-api-2.3.0.tgz",
            "integrity": "sha1-YmcwoSPaDVevNzXdcHzacc7pGcc=",
            "requires": {
                "configstore": "^2.0.0",
                "google-translate-token": "^1.0.0",
                "got": "^6.3.0",
                "safe-eval": "^0.3.0"
            }
        },
        "google-translate-token": {
            "version": "1.0.0",
            "resolved": "https://registry.npmjs.org/google-translate-token/-/google-translate-token-1.0.0.tgz",
            "integrity": "sha1-vpQ0RXhvAMN2Xewx9JDawhIo0/g=",
            "requires": {
                "configstore": "^2.0.0",
                "got": "^6.3.0"
            }
        },
        "got": {
            "version": "6.7.1",
            "resolved": "https://registry.npmjs.org/got/-/got-6.7.1.tgz",
            "integrity": "sha1-JAzQV4WpoY5WHcG0S0HHY+8ejbA=",
            "requires": {
                "create-error-class": "^3.0.0",
                "duplexer3": "^0.1.4",
                "get-stream": "^3.0.0",
                "is-redirect": "^1.0.0",
                "is-retry-allowed": "^1.0.0",
                "is-stream": "^1.0.0",
                "lowercase-keys": "^1.0.0",
                "safe-buffer": "^5.0.1",
                "timed-out": "^4.0.0",
                "unzip-response": "^2.0.1",
                "url-parse-lax": "^1.0.0"
            }
        },
        "graceful-fs": {
            "version": "4.1.15",
            "resolved": "https://registry.npmjs.org/graceful-fs/-/graceful-fs-4.1.15.tgz",
            "integrity": "sha512-6uHUhOPEBgQ24HM+r6b/QwWfZq+yiFcipKFrOFiBEnWdy5sdzYoi+pJeQaPI5qOLRFqWmAXUPQNsielzdLoecA=="
        },
        "growl": {
            "version": "1.10.5",
            "resolved": "https://registry.npmjs.org/growl/-/growl-1.10.5.tgz",
            "integrity": "sha512-qBr4OuELkhPenW6goKVXiv47US3clb3/IbuWF9KNKEijAy9oeHxU9IgzjvJhHkUzhaj7rOUD7+YGWqUjLp5oSA=="
        },
        "has-flag": {
            "version": "3.0.0",
            "resolved": "https://registry.npmjs.org/has-flag/-/has-flag-3.0.0.tgz",
            "integrity": "sha512-sKJf1+ceQBr4SMkvQnBDNDtf4TXpVhVGateu0t918bl30FnbE2m4vNLX+VWe/dpjlb+HugGYzW7uQXH98HPEYw=="
        },
        "he": {
            "version": "1.1.1",
            "resolved": "https://registry.npmjs.org/he/-/he-1.1.1.tgz",
            "integrity": "sha512-z/GDPjlRMNOa2XJiB4em8wJpuuBfrFOlYKTZxtpkdr1uPdibHI8rYA3MY0KDObpVyaes0e/aunid/t88ZI2EKA=="
        },
        "http-proxy-agent": {
            "version": "4.0.1",
            "resolved": "https://registry.npmjs.org/http-proxy-agent/-/http-proxy-agent-4.0.1.tgz",
            "integrity": "sha512-k0zdNgqWTGA6aeIRVpvfVob4fL52dTfaehylg0Y4UvSySvOq/Y+BOyPrgpUrA7HylqvU8vIZGsRuXmspskV0Tg==",
            "requires": {
                "@tootallnate/once": "1",
                "agent-base": "6",
                "debug": "4"
            }
        },
        "https-proxy-agent": {
            "version": "5.0.1",
            "resolved": "https://registry.npmjs.org/https-proxy-agent/-/https-proxy-agent-5.0.1.tgz",
            "integrity": "sha512-dFcAjpTQFgoLMzC2VwU+C/CbS7uRL0lWmxDITmqm7C+7F0Odmj6s9l6alZc6AELXhrnggM2CeWSXHGOdX2YtwA==",
            "requires": {
                "agent-base": "6",
                "debug": "4"
            }
        },
        "imurmurhash": {
            "version": "0.1.4",
            "resolved": "https://registry.npmjs.org/imurmurhash/-/imurmurhash-0.1.4.tgz",
            "integrity": "sha1-khi5srkoojixPcT7a21XbyMUU+o="
        },
        "inflight": {
            "version": "1.0.6",
            "resolved": "https://registry.npmjs.org/inflight/-/inflight-1.0.6.tgz",
            "integrity": "sha512-k92I/b08q4wvFscXCLvqfsHCrjrF7yiXsQuIVvVE7N82W3+aqpzuUdBbfhWcy/FZR3/4IgflMgKLOsvPDrGCJA==",
            "requires": {
                "once": "^1.3.0",
                "wrappy": "1"
            }
        },
        "inherits": {
            "version": "2.0.4",
            "resolved": "https://registry.npmjs.org/inherits/-/inherits-2.0.4.tgz",
            "integrity": "sha512-k/vGaX4/Yla3WzyMCvTQOXYeIHvqOKtnqBduzTHpzpQZzAskKMhZ2K+EnBiSM9zGSoIFeMpXKxa4dYeZIQqewQ=="
        },
        "is-obj": {
            "version": "1.0.1",
            "resolved": "https://registry.npmjs.org/is-obj/-/is-obj-1.0.1.tgz",
            "integrity": "sha1-PkcprB9f3gJc19g6iW2rn09n2w8="
        },
        "is-redirect": {
            "version": "1.0.0",
            "resolved": "https://registry.npmjs.org/is-redirect/-/is-redirect-1.0.0.tgz",
            "integrity": "sha1-HQPd7VO9jbDzDCbk+V02/HyH3CQ="
        },
        "is-retry-allowed": {
            "version": "1.1.0",
            "resolved": "https://registry.npmjs.org/is-retry-allowed/-/is-retry-allowed-1.1.0.tgz",
            "integrity": "sha1-EaBgVotnM5REAz0BJaYaINVk+zQ="
        },
        "is-stream": {
            "version": "1.1.0",
            "resolved": "https://registry.npmjs.org/is-stream/-/is-stream-1.1.0.tgz",
            "integrity": "sha1-EtSj3U5o4Lec6428hBc66A2RykQ="
        },
        "lodash": {
            "version": "4.17.21",
            "resolved": "https://registry.npmjs.org/lodash/-/lodash-4.17.21.tgz",
            "integrity": "sha512-v2kDEe57lecTulaDIuNTPy3Ry4gLGJ6Z1O3vE1krgXZNrsQ+LFTGHVxVjcXPs17LhbZVGedAJv8XZ1tvj5FvSg=="
        },
        "lowercase-keys": {
            "version": "1.0.1",
            "resolved": "https://registry.npmjs.org/lowercase-keys/-/lowercase-keys-1.0.1.tgz",
            "integrity": "sha512-G2Lj61tXDnVFFOi8VZds+SoQjtQC3dgokKdDG2mTm1tx4m50NUHBOZSBwQQHyy0V12A0JTG4icfZQH+xPyh8VA=="
        },
        "minimatch": {
            "version": "3.1.2",
            "resolved": "https://registry.npmjs.org/minimatch/-/minimatch-3.1.2.tgz",
            "integrity": "sha512-J7p63hRiAjw1NDEww1W7i37+ByIrOWO5XQQAzZ3VOcL0PNybwpfmV/N05zFAzwQ9USyEcX6t3UO+K5aqBQOIHw==",
            "requires": {
                "brace-expansion": "^1.1.7"
            }
        },
        "minimist": {
            "version": "0.0.8",
            "resolved": "https://registry.npmjs.org/minimist/-/minimist-0.0.8.tgz",
            "integrity": "sha1-hX/Kv8M5fSYluCKCYuhqp6ARsF0="
        },
        "mkdirp": {
            "version": "0.5.1",
            "resolved": "https://registry.npmjs.org/mkdirp/-/mkdirp-0.5.1.tgz",
            "integrity": "sha1-MAV0OOrGz3+MR2fzhkjWaX11yQM=",
            "requires": {
                "minimist": "0.0.8"
            }
        },
        "mocha": {
            "version": "5.2.0",
            "resolved": "https://registry.npmjs.org/mocha/-/mocha-5.2.0.tgz",
            "integrity": "sha512-2IUgKDhc3J7Uug+FxMXuqIyYzH7gJjXECKe/w43IGgQHTSj3InJi+yAA7T24L9bQMRKiUEHxEX37G5JpVUGLcQ==",
            "requires": {
                "browser-stdout": "1.3.1",
                "commander": "2.15.1",
                "debug": "3.1.0",
                "diff": "3.5.0",
                "escape-string-regexp": "1.0.5",
                "glob": "7.1.2",
                "growl": "1.10.5",
                "he": "1.1.1",
                "minimatch": "3.0.4",
                "mkdirp": "0.5.1",
                "supports-color": "5.4.0"
            },
            "dependencies": {
                "debug": {
                    "version": "3.1.0",
                    "resolved": "https://registry.npmjs.org/debug/-/debug-3.1.0.tgz",
                    "integrity": "sha512-OX8XqP7/1a9cqkxYw2yXss15f26NKWBpDXQd0/uK/KPqdQhxbPa994hnzjcE2VqQpDslf55723cKPUOGSmMY3g==",
                    "requires": {
                        "ms": "2.0.0"
                    }
                },
                "glob": {
                    "version": "7.1.2",
                    "resolved": "https://registry.npmjs.org/glob/-/glob-7.1.2.tgz",
                    "integrity": "sha512-MJTUg1kjuLeQCJ+ccE4Vpa6kKVXkPYJ2mOCQyUuKLcLQsdrMCpBPUi8qVE6+YuaJkozeA9NusTAw3hLr8Xe5EQ==",
                    "requires": {
                        "fs.realpath": "^1.0.0",
                        "inflight": "^1.0.4",
                        "inherits": "2",
                        "minimatch": "^3.0.4",
                        "once": "^1.3.0",
                        "path-is-absolute": "^1.0.0"
                    }
                },
                "minimatch": {
                    "version": "3.0.4",
                    "resolved": "https://registry.npmjs.org/minimatch/-/minimatch-3.0.4.tgz",
                    "integrity": "sha512-yJHVQEhyqPLUTgt9B83PXu6W3rx4MvvHvSUvToogpwoGDOUQ+yDrR0HRot+yOCdCO7u4hX3pWft6kWBBcqh0UA==",
                    "requires": {
                        "brace-expansion": "^1.1.7"
                    }
                },
                "ms": {
                    "version": "2.0.0",
                    "resolved": "https://registry.npmjs.org/ms/-/ms-2.0.0.tgz",
                    "integrity": "sha512-Tpp60P6IUJDTuOq/5Z8cdskzJujfwqfOTkrwIwj7IRISpnkJnT6SyJ4PCPnGMoFjC9ddhal5KVIYtAt97ix05A=="
                }
            }
        },
        "ms": {
            "version": "2.1.3",
            "resolved": "https://registry.npmjs.org/ms/-/ms-2.1.3.tgz",
            "integrity": "sha512-6FlzubTLZG3J2a/NVCAleEhjzq5oxgHyaCU9yYXvcLsvoVaHJq/s5xXI6/XXP6tz7R9xAOtHnSO/tXtF3WRTlA=="
        },
        "object-assign": {
            "version": "4.1.1",
            "resolved": "https://registry.npmjs.org/object-assign/-/object-assign-4.1.1.tgz",
            "integrity": "sha1-IQmtx5ZYh8/AXLvUQsrIv7s2CGM="
        },
        "once": {
            "version": "1.4.0",
            "resolved": "https://registry.npmjs.org/once/-/once-1.4.0.tgz",
            "integrity": "sha512-lNaJgI+2Q5URQBkccEKHTQOPaXdUxnZZElQTZY0MFUAuaEqe1E+Nyvgdz/aIyNi6Z9MzO5dv1H8n58/GELp3+w==",
            "requires": {
                "wrappy": "1"
            }
        },
        "os-homedir": {
            "version": "1.0.2",
            "resolved": "https://registry.npmjs.org/os-homedir/-/os-homedir-1.0.2.tgz",
            "integrity": "sha1-/7xJiDNuDoM94MFox+8VISGqf7M="
        },
        "os-tmpdir": {
            "version": "1.0.2",
            "resolved": "https://registry.npmjs.org/os-tmpdir/-/os-tmpdir-1.0.2.tgz",
            "integrity": "sha1-u+Z0BseaqFxc/sdm/lc0VV36EnQ="
        },
        "osenv": {
            "version": "0.1.5",
            "resolved": "https://registry.npmjs.org/osenv/-/osenv-0.1.5.tgz",
            "integrity": "sha512-0CWcCECdMVc2Rw3U5w9ZjqX6ga6ubk1xDVKxtBQPK7wis/0F2r9T6k4ydGYhecl7YUBxBVxhL5oisPsNxAPe2g==",
            "requires": {
                "os-homedir": "^1.0.0",
                "os-tmpdir": "^1.0.0"
            }
        },
        "path-is-absolute": {
            "version": "1.0.1",
            "resolved": "https://registry.npmjs.org/path-is-absolute/-/path-is-absolute-1.0.1.tgz",
            "integrity": "sha512-AVbw3UJ2e9bq64vSaS9Am0fje1Pa8pbGqTTsmXfaIiMpnr5DlDhfJOuLj9Sf95ZPVDAUerDfEk88MPmPe7UCQg=="
        },
        "prepend-http": {
            "version": "1.0.4",
            "resolved": "https://registry.npmjs.org/prepend-http/-/prepend-http-1.0.4.tgz",
            "integrity": "sha1-1PRWKwzjaW5BrFLQ4ALlemNdxtw="
        },
        "safe-buffer": {
            "version": "5.1.2",
            "resolved": "https://registry.npmjs.org/safe-buffer/-/safe-buffer-5.1.2.tgz",
            "integrity": "sha512-Gd2UZBJDkXlY7GbJxfsE8/nvKkUEU1G38c1siN6QP6a9PT9MmHB8GnpscSmMJSoF8LOIrt8ud/wPtojys4G6+g=="
        },
        "safe-eval": {
            "version": "0.3.0",
            "resolved": "https://registry.npmjs.org/safe-eval/-/safe-eval-0.3.0.tgz",
            "integrity": "sha1-Bs4RHuvZwYWrr/AI7A/P/Fxb4Aw="
        },
        "sax": {
            "version": "1.2.4",
            "resolved": "https://registry.npmjs.org/sax/-/sax-1.2.4.tgz",
            "integrity": "sha512-NqVDv9TpANUjFm0N8uM5GxL36UgKi9/atZw+x7YFnQ8ckwFGKrl4xX4yWtrey3UJm5nP1kUbnYgLopqWNSRhWw=="
        },
        "semver": {
            "version": "5.7.2",
            "resolved": "https://registry.npmjs.org/semver/-/semver-5.7.2.tgz",
            "integrity": "sha512-cBznnQ9KjJqU67B52RMC65CMarK2600WFnbkcaiwWq3xy/5haFJlshgnpjovMVJ+Hff49d8GEn0b87C5pDQ10g=="
        },
        "slide": {
            "version": "1.1.6",
            "resolved": "https://registry.npmjs.org/slide/-/slide-1.1.6.tgz",
            "integrity": "sha1-VusCfWW00tzmyy4tMsTUr8nh1wc="
        },
        "source-map": {
            "version": "0.6.1",
            "resolved": "https://registry.npmjs.org/source-map/-/source-map-0.6.1.tgz",
            "integrity": "sha512-UjgapumWlbMhkBgzT7Ykc5YXUT46F0iKu8SGXq0bcwP5dz/h0Plj6enJqjz1Zbq2l5WaqYnrVbwWOWMyF3F47g=="
        },
        "source-map-support": {
            "version": "0.5.21",
            "resolved": "https://registry.npmjs.org/source-map-support/-/source-map-support-0.5.21.tgz",
            "integrity": "sha512-uBHU3L3czsIyYXKX88fdrGovxdSCoTGDRZ6SYXtSRxLZUzHg5P/66Ht6uoUlHu9EZod+inXhKo3qQgwXUT/y1w==",
            "requires": {
                "buffer-from": "^1.0.0",
                "source-map": "^0.6.0"
            }
        },
        "supports-color": {
            "version": "5.4.0",
            "resolved": "https://registry.npmjs.org/supports-color/-/supports-color-5.4.0.tgz",
            "integrity": "sha512-zjaXglF5nnWpsq470jSv6P9DwPvgLkuapYmfDm3JWOm0vkNTVF2tI4UrN2r6jH1qM/uc/WtxYY1hYoA2dOKj5w==",
            "requires": {
                "has-flag": "^3.0.0"
            }
        },
        "timed-out": {
            "version": "4.0.1",
            "resolved": "https://registry.npmjs.org/timed-out/-/timed-out-4.0.1.tgz",
            "integrity": "sha1-8y6srFoXW+ol1/q1Zas+2HQe9W8="
        },
        "typescript": {
            "version": "2.9.2",
            "resolved": "https://registry.npmjs.org/typescript/-/typescript-2.9.2.tgz",
            "integrity": "sha512-Gr4p6nFNaoufRIY4NMdpQRNmgxVIGMs4Fcu/ujdYk3nAZqk7supzBE9idmvfZIlH/Cuj//dvi+019qEue9lV0w==",
            "dev": true
        },
        "unzip-response": {
            "version": "2.0.1",
            "resolved": "https://registry.npmjs.org/unzip-response/-/unzip-response-2.0.1.tgz",
            "integrity": "sha1-0vD3N9FrBhXnKmk17QQhRXLVb5c="
        },
        "url-parse-lax": {
            "version": "1.0.0",
            "resolved": "https://registry.npmjs.org/url-parse-lax/-/url-parse-lax-1.0.0.tgz",
            "integrity": "sha1-evjzA2Rem9eaJy56FKxovAYJ2nM=",
            "requires": {
                "prepend-http": "^1.0.1"
            }
        },
        "vscode": {
            "version": "1.1.37",
            "resolved": "https://registry.npmjs.org/vscode/-/vscode-1.1.37.tgz",
            "integrity": "sha512-vJNj6IlN7IJPdMavlQa1KoFB3Ihn06q1AiN3ZFI/HfzPNzbKZWPPuiU+XkpNOfGU5k15m4r80nxNPlM7wcc0wg==",
            "requires": {
                "glob": "^7.1.2",
                "http-proxy-agent": "^4.0.1",
                "https-proxy-agent": "^5.0.0",
                "mocha": "^5.2.0",
                "semver": "^5.4.1",
                "source-map-support": "^0.5.0",
                "vscode-test": "^0.4.1"
            }
        },
        "vscode-jsonrpc": {
            "version": "4.0.0",
            "resolved": "https://registry.npmjs.org/vscode-jsonrpc/-/vscode-jsonrpc-4.0.0.tgz",
            "integrity": "sha512-perEnXQdQOJMTDFNv+UF3h1Y0z4iSiaN9jIlb0OqIYgosPCZGYh/MCUlkFtV2668PL69lRDO32hmvL2yiidUYg=="
        },
        "vscode-languageclient": {
            "version": "4.4.2",
            "resolved": "https://registry.npmjs.org/vscode-languageclient/-/vscode-languageclient-4.4.2.tgz",
            "integrity": "sha512-9TUzsg1UM6n1UEyPlWbDf7tK1wJAK7UGFRmGDN8sz4KmbbDiVRh6YicaB/5oRSVTpuV47PdJpYlOl3SJ0RiK1Q==",
            "requires": {
                "vscode-languageserver-protocol": "^3.10.3"
            }
        },
        "vscode-languageserver-protocol": {
            "version": "3.14.1",
            "resolved": "https://registry.npmjs.org/vscode-languageserver-protocol/-/vscode-languageserver-protocol-3.14.1.tgz",
            "integrity": "sha512-IL66BLb2g20uIKog5Y2dQ0IiigW0XKrvmWiOvc0yXw80z3tMEzEnHjaGAb3ENuU7MnQqgnYJ1Cl2l9RvNgDi4g==",
            "requires": {
                "vscode-jsonrpc": "^4.0.0",
                "vscode-languageserver-types": "3.14.0"
            }
        },
        "vscode-languageserver-types": {
            "version": "3.14.0",
            "resolved": "https://registry.npmjs.org/vscode-languageserver-types/-/vscode-languageserver-types-3.14.0.tgz",
            "integrity": "sha512-lTmS6AlAlMHOvPQemVwo3CezxBp0sNB95KNPkqp3Nxd5VFEnuG1ByM0zlRWos0zjO3ZWtkvhal0COgiV1xIA4A=="
        },
        "vscode-test": {
            "version": "0.4.3",
            "resolved": "https://registry.npmjs.org/vscode-test/-/vscode-test-0.4.3.tgz",
            "integrity": "sha512-EkMGqBSefZH2MgW65nY05rdRSko15uvzq4VAPM5jVmwYuFQKE7eikKXNJDRxL+OITXHB6pI+a3XqqD32Y3KC5w==",
            "requires": {
                "http-proxy-agent": "^2.1.0",
                "https-proxy-agent": "^2.2.1"
            },
            "dependencies": {
                "agent-base": {
                    "version": "4.3.0",
                    "resolved": "https://registry.npmjs.org/agent-base/-/agent-base-4.3.0.tgz",
                    "integrity": "sha512-salcGninV0nPrwpGNn4VTXBb1SOuXQBiqbrNXoeizJsHrsL6ERFM2Ne3JUSBWRE6aeNJI2ROP/WEEIDUiDe3cg==",
                    "requires": {
                        "es6-promisify": "^5.0.0"
                    }
                },
                "debug": {
                    "version": "3.1.0",
                    "resolved": "https://registry.npmjs.org/debug/-/debug-3.1.0.tgz",
                    "integrity": "sha512-OX8XqP7/1a9cqkxYw2yXss15f26NKWBpDXQd0/uK/KPqdQhxbPa994hnzjcE2VqQpDslf55723cKPUOGSmMY3g==",
                    "requires": {
                        "ms": "2.0.0"
                    }
                },
                "http-proxy-agent": {
                    "version": "2.1.0",
                    "resolved": "https://registry.npmjs.org/http-proxy-agent/-/http-proxy-agent-2.1.0.tgz",
                    "integrity": "sha512-qwHbBLV7WviBl0rQsOzH6o5lwyOIvwp/BdFnvVxXORldu5TmjFfjzBcWUWS5kWAZhmv+JtiDhSuQCp4sBfbIgg==",
                    "requires": {
                        "agent-base": "4",
                        "debug": "3.1.0"
                    }
                },
                "https-proxy-agent": {
                    "version": "2.2.4",
                    "resolved": "https://registry.npmjs.org/https-proxy-agent/-/https-proxy-agent-2.2.4.tgz",
                    "integrity": "sha512-OmvfoQ53WLjtA9HeYP9RNrWMJzzAz1JGaSFr1nijg0PVR1JaD/xbJq1mdEIIlxGpXp9eSe/O2LgU9DJmTPd0Eg==",
                    "requires": {
                        "agent-base": "^4.3.0",
                        "debug": "^3.1.0"
                    }
                },
                "ms": {
                    "version": "2.0.0",
                    "resolved": "https://registry.npmjs.org/ms/-/ms-2.0.0.tgz",
                    "integrity": "sha512-Tpp60P6IUJDTuOq/5Z8cdskzJujfwqfOTkrwIwj7IRISpnkJnT6SyJ4PCPnGMoFjC9ddhal5KVIYtAt97ix05A=="
                }
            }
        },
        "wrappy": {
            "version": "1.0.2",
            "resolved": "https://registry.npmjs.org/wrappy/-/wrappy-1.0.2.tgz",
            "integrity": "sha512-l4Sp/DRseor9wL6EvV2+TuQn63dMkPjZ/sp9XkghTEbV9KlPS1xUsZ3u7/IQO4wxtcFB4bgpQPRcR3QCvezPcQ=="
        },
        "write-file-atomic": {
            "version": "1.3.4",
            "resolved": "https://registry.npmjs.org/write-file-atomic/-/write-file-atomic-1.3.4.tgz",
            "integrity": "sha1-+Aek8LHZ6ROuekgRLmzDrxmRtF8=",
            "requires": {
                "graceful-fs": "^4.1.11",
                "imurmurhash": "^0.1.4",
                "slide": "^1.1.5"
            }
        },
        "xdg-basedir": {
            "version": "2.0.0",
            "resolved": "https://registry.npmjs.org/xdg-basedir/-/xdg-basedir-2.0.0.tgz",
            "integrity": "sha1-7byQPMOF/ARSPZZqM1UEtVBNG9I=",
            "requires": {
                "os-homedir": "^1.0.0"
            }
        },
        "xml2js": {
            "version": "0.4.19",
            "resolved": "https://registry.npmjs.org/xml2js/-/xml2js-0.4.19.tgz",
            "integrity": "sha512-esZnJZJOiJR9wWKMyuvSE1y6Dq5LCuJanqhxslH2bxM6duahNZ+HMpCLhBQGZkbX6xRf8x1Y2eJlgt2q3qo49Q==",
            "requires": {
                "sax": ">=0.6.0",
                "xmlbuilder": "~9.0.1"
            }
        },
        "xmlbuilder": {
            "version": "9.0.7",
            "resolved": "https://registry.npmjs.org/xmlbuilder/-/xmlbuilder-9.0.7.tgz",
            "integrity": "sha1-Ey7mPS7FVlxVfiD0wi35rKaGsQ0="
        }
    }
}
